
Microsoft Visual Studio Solution File, Format Version 12.00
# Visual Studio Version 17
VisualStudioVersion = 17.2.32519.379
MinimumVisualStudioVersion = 10.0.40219.1
Project("{FAE04EC0-301F-11D3-BF4B-00C04F79EFBC}") = "TicTac2", "TicTac2.csproj", "{55492011-AC4D-4997-B292-640664EE7C9E}"
EndProject
Global
	GlobalSection(SolutionConfigurationPlatforms) = preSolution
		Debug|Any CPU = Debug|Any CPU
		Release|Any CPU = Release|Any CPU
	EndGlobalSection
	GlobalSection(ProjectConfigurationPlatforms) = postSolution
		{55492011-AC4D-4997-B292-640664EE7C9E}.Debug|Any CPU.ActiveCfg = Debug|Any CPU
		{55492011-AC4D-4997-B292-640664EE7C9E}.Debug|Any CPU.Build.0 = Debug|Any CPU
		{55492011-AC4D-4997-B292-640664EE7C9E}.Release|Any CPU.ActiveCfg = Release|Any CPU
		{55492011-AC4D-4997-B292-640664EE7C9E}.Release|Any CPU.Build.0 = Release|Any CPU
	EndGlobalSection
	GlobalSection(SolutionProperties) = preSolution
		HideSolutionNode = FALSE
	EndGlobalSection
	GlobalSection(ExtensibilityGlobals) = postSolution
		SolutionGuid = {AB626A66-2179-493F-9070-6A6E482FE8D0}
	EndGlobalSection
EndGlobal
